// !$*UTF8*$!
{
	archiveVersion = 1;
	classes = {
	};
	objectVersion = 52;
	objects = {

/* Begin PBXBuildFile section */
		199109EE2551AA8C009B3C58 /* DetailIssue.swift in Sources */ = {isa = PBXBuildFile; fileRef = 199109ED2551AA8C009B3C58 /* DetailIssue.swift */; };
		199109F62552756A009B3C58 /* HTTPData.swift in Sources */ = {isa = PBXBuildFile; fileRef = 199109F52552756A009B3C58 /* HTTPData.swift */; };
		199109FE2552C596009B3C58 /* IssueListDataProvider.swift in Sources */ = {isa = PBXBuildFile; fileRef = 199109FD2552C596009B3C58 /* IssueListDataProvider.swift */; };
		19910A032552D0C0009B3C58 /* DetailIssueDataProvider.swift in Sources */ = {isa = PBXBuildFile; fileRef = 19910A022552D0C0009B3C58 /* DetailIssueDataProvider.swift */; };
		19910A092553D43F009B3C58 /* LabelCollectionViewCell.swift in Sources */ = {isa = PBXBuildFile; fileRef = 19910A072553D43F009B3C58 /* LabelCollectionViewCell.swift */; };
		19910A0A2553D43F009B3C58 /* LabelCollectionViewCell.xib in Resources */ = {isa = PBXBuildFile; fileRef = 19910A082553D43F009B3C58 /* LabelCollectionViewCell.xib */; };
		19910A172553DB43009B3C58 /* LabelViewController.swift in Sources */ = {isa = PBXBuildFile; fileRef = 19910A162553DB43009B3C58 /* LabelViewController.swift */; };
		19910A1C2553EE68009B3C58 /* LabelListDataProvider.swift in Sources */ = {isa = PBXBuildFile; fileRef = 19910A1B2553EE68009B3C58 /* LabelListDataProvider.swift */; };
		19934486254FD48B000D0D5E /* IssueListCollectionViewCell.swift in Sources */ = {isa = PBXBuildFile; fileRef = 19934484254FD48B000D0D5E /* IssueListCollectionViewCell.swift */; };
		19934487254FD48B000D0D5E /* IssueListCollectionViewCell.xib in Resources */ = {isa = PBXBuildFile; fileRef = 19934485254FD48B000D0D5E /* IssueListCollectionViewCell.xib */; };
		1993449C254FF627000D0D5E /* IssueListEditViewController.swift in Sources */ = {isa = PBXBuildFile; fileRef = 1993449B254FF626000D0D5E /* IssueListEditViewController.swift */; };
		199344A1254FF743000D0D5E /* IssueListCollectionViewDataSource.swift in Sources */ = {isa = PBXBuildFile; fileRef = 199344A0254FF743000D0D5E /* IssueListCollectionViewDataSource.swift */; };
		1996E4F8254ABAA30052E659 /* BottomDetailView.swift in Sources */ = {isa = PBXBuildFile; fileRef = 1996E4F7254ABAA20052E659 /* BottomDetailView.swift */; };
		1996E4FD254ABB530052E659 /* AssigneeStackView.swift in Sources */ = {isa = PBXBuildFile; fileRef = 1996E4FC254ABB530052E659 /* AssigneeStackView.swift */; };
		1996E505254ABB9B0052E659 /* AssigneeView.swift in Sources */ = {isa = PBXBuildFile; fileRef = 1996E504254ABB9B0052E659 /* AssigneeView.swift */; };
		19ABABED25493F6D00F4939A /* IssueDetailViewController.swift in Sources */ = {isa = PBXBuildFile; fileRef = 19ABABEC25493F6C00F4939A /* IssueDetailViewController.swift */; };
		19ABABF325494DE900F4939A /* Extension.swift in Sources */ = {isa = PBXBuildFile; fileRef = 19ABABF225494DE900F4939A /* Extension.swift */; };
		19ABABF82549511D00F4939A /* IssueDetailCollectionViewHeader.swift in Sources */ = {isa = PBXBuildFile; fileRef = 19ABABF72549511D00F4939A /* IssueDetailCollectionViewHeader.swift */; };
		19ABABFD254953A600F4939A /* IssueStateView.swift in Sources */ = {isa = PBXBuildFile; fileRef = 19ABABFC254953A600F4939A /* IssueStateView.swift */; };
		19ABAC19254968B700F4939A /* IssueDetailCollectionViewCell.swift in Sources */ = {isa = PBXBuildFile; fileRef = 19ABAC18254968B700F4939A /* IssueDetailCollectionViewCell.swift */; };
		19B3A142255122FB00754C2E /* Alamofire in Frameworks */ = {isa = PBXBuildFile; productRef = 19B3A141255122FB00754C2E /* Alamofire */; };
		19B3A14825514A1000754C2E /* HTTPServiceHelper.swift in Sources */ = {isa = PBXBuildFile; fileRef = 19B3A14725514A1000754C2E /* HTTPServiceHelper.swift */; };
		19B3A15925516C4900754C2E /* Milestone.swift in Sources */ = {isa = PBXBuildFile; fileRef = C8F0F43B254DD6B70050B6C0 /* Milestone.swift */; };
		19B3A15D25516C4C00754C2E /* User.swift in Sources */ = {isa = PBXBuildFile; fileRef = C8F0F43C254DD6B70050B6C0 /* User.swift */; };
		C803816F2547B34F008EEF6E /* AppDelegate.swift in Sources */ = {isa = PBXBuildFile; fileRef = C803816E2547B34F008EEF6E /* AppDelegate.swift */; };
		C80381712547B34F008EEF6E /* SceneDelegate.swift in Sources */ = {isa = PBXBuildFile; fileRef = C80381702547B34F008EEF6E /* SceneDelegate.swift */; };
		C80381732547B34F008EEF6E /* IssueListViewController.swift in Sources */ = {isa = PBXBuildFile; fileRef = C80381722547B34F008EEF6E /* IssueListViewController.swift */; };
		C80381782547B352008EEF6E /* Assets.xcassets in Resources */ = {isa = PBXBuildFile; fileRef = C80381772547B352008EEF6E /* Assets.xcassets */; };
		C80381862547B353008EEF6E /* IssueTrackerTests.swift in Sources */ = {isa = PBXBuildFile; fileRef = C80381852547B353008EEF6E /* IssueTrackerTests.swift */; };
		C80381912547B353008EEF6E /* IssueTrackerUITests.swift in Sources */ = {isa = PBXBuildFile; fileRef = C80381902547B353008EEF6E /* IssueTrackerUITests.swift */; };
		C80381B82547D4A3008EEF6E /* LabelView.swift in Sources */ = {isa = PBXBuildFile; fileRef = C80381B72547D4A3008EEF6E /* LabelView.swift */; };
		C854E8242548151800011D26 /* Issue.swift in Sources */ = {isa = PBXBuildFile; fileRef = C854E8232548151800011D26 /* Issue.swift */; };
		C854E829254816C600011D26 /* Label.swift in Sources */ = {isa = PBXBuildFile; fileRef = C854E828254816C600011D26 /* Label.swift */; };
		C854E83C25481FF700011D26 /* LabelsStackView.swift in Sources */ = {isa = PBXBuildFile; fileRef = C854E83B25481FF700011D26 /* LabelsStackView.swift */; };
		C8F0F43D254DD6B70050B6C0 /* Comment.swift in Sources */ = {isa = PBXBuildFile; fileRef = C8F0F439254DD6B70050B6C0 /* Comment.swift */; };
		C8F0F449254DD6C30050B6C0 /* Main.storyboard in Resources */ = {isa = PBXBuildFile; fileRef = C8F0F447254DD6C30050B6C0 /* Main.storyboard */; };
		C8FA4B03254F9E8700630263 /* FilterSelectViewController.swift in Sources */ = {isa = PBXBuildFile; fileRef = C8FA4B02254F9E8700630263 /* FilterSelectViewController.swift */; };
		C8FA4B08254F9F6D00630263 /* FilterSelectTableViewController.swift in Sources */ = {isa = PBXBuildFile; fileRef = C8FA4B07254F9F6D00630263 /* FilterSelectTableViewController.swift */; };
/* End PBXBuildFile section */

/* Begin PBXContainerItemProxy section */
		C80381822547B353008EEF6E /* PBXContainerItemProxy */ = {
			isa = PBXContainerItemProxy;
			containerPortal = C80381632547B34F008EEF6E /* Project object */;
			proxyType = 1;
			remoteGlobalIDString = C803816A2547B34F008EEF6E;
			remoteInfo = IssueTracker;
		};
		C803818D2547B353008EEF6E /* PBXContainerItemProxy */ = {
			isa = PBXContainerItemProxy;
			containerPortal = C80381632547B34F008EEF6E /* Project object */;
			proxyType = 1;
			remoteGlobalIDString = C803816A2547B34F008EEF6E;
			remoteInfo = IssueTracker;
		};
/* End PBXContainerItemProxy section */

/* Begin PBXFileReference section */
		199109ED2551AA8C009B3C58 /* DetailIssue.swift */ = {isa = PBXFileReference; lastKnownFileType = sourcecode.swift; path = DetailIssue.swift; sourceTree = "<group>"; };
		199109F52552756A009B3C58 /* HTTPData.swift */ = {isa = PBXFileReference; lastKnownFileType = sourcecode.swift; path = HTTPData.swift; sourceTree = "<group>"; };
		199109FD2552C596009B3C58 /* IssueListDataProvider.swift */ = {isa = PBXFileReference; lastKnownFileType = sourcecode.swift; path = IssueListDataProvider.swift; sourceTree = "<group>"; };
		19910A022552D0C0009B3C58 /* DetailIssueDataProvider.swift */ = {isa = PBXFileReference; lastKnownFileType = sourcecode.swift; path = DetailIssueDataProvider.swift; sourceTree = "<group>"; };
		19910A072553D43F009B3C58 /* LabelCollectionViewCell.swift */ = {isa = PBXFileReference; lastKnownFileType = sourcecode.swift; path = LabelCollectionViewCell.swift; sourceTree = "<group>"; };
		19910A082553D43F009B3C58 /* LabelCollectionViewCell.xib */ = {isa = PBXFileReference; lastKnownFileType = file.xib; path = LabelCollectionViewCell.xib; sourceTree = "<group>"; };
		19910A162553DB43009B3C58 /* LabelViewController.swift */ = {isa = PBXFileReference; lastKnownFileType = sourcecode.swift; path = LabelViewController.swift; sourceTree = "<group>"; };
		19910A1B2553EE68009B3C58 /* LabelListDataProvider.swift */ = {isa = PBXFileReference; lastKnownFileType = sourcecode.swift; path = LabelListDataProvider.swift; sourceTree = "<group>"; };
		19934484254FD48B000D0D5E /* IssueListCollectionViewCell.swift */ = {isa = PBXFileReference; lastKnownFileType = sourcecode.swift; path = IssueListCollectionViewCell.swift; sourceTree = "<group>"; };
		19934485254FD48B000D0D5E /* IssueListCollectionViewCell.xib */ = {isa = PBXFileReference; lastKnownFileType = file.xib; path = IssueListCollectionViewCell.xib; sourceTree = "<group>"; };
		1993449B254FF626000D0D5E /* IssueListEditViewController.swift */ = {isa = PBXFileReference; lastKnownFileType = sourcecode.swift; path = IssueListEditViewController.swift; sourceTree = "<group>"; };
		199344A0254FF743000D0D5E /* IssueListCollectionViewDataSource.swift */ = {isa = PBXFileReference; lastKnownFileType = sourcecode.swift; path = IssueListCollectionViewDataSource.swift; sourceTree = "<group>"; };
		1996E4F7254ABAA20052E659 /* BottomDetailView.swift */ = {isa = PBXFileReference; lastKnownFileType = sourcecode.swift; path = BottomDetailView.swift; sourceTree = "<group>"; };
		1996E4FC254ABB530052E659 /* AssigneeStackView.swift */ = {isa = PBXFileReference; lastKnownFileType = sourcecode.swift; path = AssigneeStackView.swift; sourceTree = "<group>"; };
		1996E504254ABB9B0052E659 /* AssigneeView.swift */ = {isa = PBXFileReference; lastKnownFileType = sourcecode.swift; path = AssigneeView.swift; sourceTree = "<group>"; };
		19ABABEC25493F6C00F4939A /* IssueDetailViewController.swift */ = {isa = PBXFileReference; lastKnownFileType = sourcecode.swift; path = IssueDetailViewController.swift; sourceTree = "<group>"; };
		19ABABF225494DE900F4939A /* Extension.swift */ = {isa = PBXFileReference; lastKnownFileType = sourcecode.swift; path = Extension.swift; sourceTree = "<group>"; };
		19ABABF72549511D00F4939A /* IssueDetailCollectionViewHeader.swift */ = {isa = PBXFileReference; lastKnownFileType = sourcecode.swift; path = IssueDetailCollectionViewHeader.swift; sourceTree = "<group>"; };
		19ABABFC254953A600F4939A /* IssueStateView.swift */ = {isa = PBXFileReference; lastKnownFileType = sourcecode.swift; path = IssueStateView.swift; sourceTree = "<group>"; };
		19ABAC18254968B700F4939A /* IssueDetailCollectionViewCell.swift */ = {isa = PBXFileReference; lastKnownFileType = sourcecode.swift; path = IssueDetailCollectionViewCell.swift; sourceTree = "<group>"; };
		19B3A14725514A1000754C2E /* HTTPServiceHelper.swift */ = {isa = PBXFileReference; lastKnownFileType = sourcecode.swift; path = HTTPServiceHelper.swift; sourceTree = "<group>"; };
		C803816B2547B34F008EEF6E /* IssueTracker.app */ = {isa = PBXFileReference; explicitFileType = wrapper.application; includeInIndex = 0; path = IssueTracker.app; sourceTree = BUILT_PRODUCTS_DIR; };
		C803816E2547B34F008EEF6E /* AppDelegate.swift */ = {isa = PBXFileReference; lastKnownFileType = sourcecode.swift; path = AppDelegate.swift; sourceTree = "<group>"; };
		C80381702547B34F008EEF6E /* SceneDelegate.swift */ = {isa = PBXFileReference; lastKnownFileType = sourcecode.swift; path = SceneDelegate.swift; sourceTree = "<group>"; };
		C80381722547B34F008EEF6E /* IssueListViewController.swift */ = {isa = PBXFileReference; lastKnownFileType = sourcecode.swift; path = IssueListViewController.swift; sourceTree = "<group>"; };
		C80381772547B352008EEF6E /* Assets.xcassets */ = {isa = PBXFileReference; lastKnownFileType = folder.assetcatalog; path = Assets.xcassets; sourceTree = "<group>"; };
		C803817C2547B352008EEF6E /* Info.plist */ = {isa = PBXFileReference; lastKnownFileType = text.plist.xml; path = Info.plist; sourceTree = "<group>"; };
		C80381812547B353008EEF6E /* IssueTrackerTests.xctest */ = {isa = PBXFileReference; explicitFileType = wrapper.cfbundle; includeInIndex = 0; path = IssueTrackerTests.xctest; sourceTree = BUILT_PRODUCTS_DIR; };
		C80381852547B353008EEF6E /* IssueTrackerTests.swift */ = {isa = PBXFileReference; lastKnownFileType = sourcecode.swift; path = IssueTrackerTests.swift; sourceTree = "<group>"; };
		C80381872547B353008EEF6E /* Info.plist */ = {isa = PBXFileReference; lastKnownFileType = text.plist.xml; path = Info.plist; sourceTree = "<group>"; };
		C803818C2547B353008EEF6E /* IssueTrackerUITests.xctest */ = {isa = PBXFileReference; explicitFileType = wrapper.cfbundle; includeInIndex = 0; path = IssueTrackerUITests.xctest; sourceTree = BUILT_PRODUCTS_DIR; };
		C80381902547B353008EEF6E /* IssueTrackerUITests.swift */ = {isa = PBXFileReference; lastKnownFileType = sourcecode.swift; path = IssueTrackerUITests.swift; sourceTree = "<group>"; };
		C80381922547B353008EEF6E /* Info.plist */ = {isa = PBXFileReference; lastKnownFileType = text.plist.xml; path = Info.plist; sourceTree = "<group>"; };
		C80381B72547D4A3008EEF6E /* LabelView.swift */ = {isa = PBXFileReference; lastKnownFileType = sourcecode.swift; path = LabelView.swift; sourceTree = "<group>"; };
		C854E8232548151800011D26 /* Issue.swift */ = {isa = PBXFileReference; lastKnownFileType = sourcecode.swift; path = Issue.swift; sourceTree = "<group>"; };
		C854E828254816C600011D26 /* Label.swift */ = {isa = PBXFileReference; lastKnownFileType = sourcecode.swift; path = Label.swift; sourceTree = "<group>"; };
		C854E83B25481FF700011D26 /* LabelsStackView.swift */ = {isa = PBXFileReference; lastKnownFileType = sourcecode.swift; path = LabelsStackView.swift; sourceTree = "<group>"; };
		C8F0F425254DD6990050B6C0 /* IssueDetailViewController.swift */ = {isa = PBXFileReference; fileEncoding = 4; lastKnownFileType = sourcecode.swift; path = IssueDetailViewController.swift; sourceTree = "<group>"; };
		C8F0F42E254DD6AB0050B6C0 /* BottomDetailView.swift */ = {isa = PBXFileReference; fileEncoding = 4; lastKnownFileType = sourcecode.swift; path = BottomDetailView.swift; sourceTree = "<group>"; };
		C8F0F42F254DD6AB0050B6C0 /* AssigneeView.swift */ = {isa = PBXFileReference; fileEncoding = 4; lastKnownFileType = sourcecode.swift; path = AssigneeView.swift; sourceTree = "<group>"; };
		C8F0F439254DD6B70050B6C0 /* Comment.swift */ = {isa = PBXFileReference; fileEncoding = 4; lastKnownFileType = sourcecode.swift; path = Comment.swift; sourceTree = "<group>"; };
		C8F0F43B254DD6B70050B6C0 /* Milestone.swift */ = {isa = PBXFileReference; fileEncoding = 4; lastKnownFileType = sourcecode.swift; path = Milestone.swift; sourceTree = "<group>"; };
		C8F0F43C254DD6B70050B6C0 /* User.swift */ = {isa = PBXFileReference; fileEncoding = 4; lastKnownFileType = sourcecode.swift; path = User.swift; sourceTree = "<group>"; };
		C8F0F448254DD6C30050B6C0 /* Base */ = {isa = PBXFileReference; lastKnownFileType = file.storyboard; name = Base; path = Storyboard/Base.lproj/Main.storyboard; sourceTree = "<group>"; };
		C8F0F451254DD6DB0050B6C0 /* Base */ = {isa = PBXFileReference; lastKnownFileType = file.storyboard; name = Base; path = Storyboard/Base.lproj/LaunchScreen.storyboard; sourceTree = "<group>"; };
		C8FA4B02254F9E8700630263 /* FilterSelectViewController.swift */ = {isa = PBXFileReference; lastKnownFileType = sourcecode.swift; path = FilterSelectViewController.swift; sourceTree = "<group>"; };
		C8FA4B07254F9F6D00630263 /* FilterSelectTableViewController.swift */ = {isa = PBXFileReference; lastKnownFileType = sourcecode.swift; path = FilterSelectTableViewController.swift; sourceTree = "<group>"; };
/* End PBXFileReference section */

/* Begin PBXFrameworksBuildPhase section */
		C80381682547B34F008EEF6E /* Frameworks */ = {
			isa = PBXFrameworksBuildPhase;
			buildActionMask = 2147483647;
			files = (
				19B3A142255122FB00754C2E /* Alamofire in Frameworks */,
			);
			runOnlyForDeploymentPostprocessing = 0;
		};
		C803817E2547B353008EEF6E /* Frameworks */ = {
			isa = PBXFrameworksBuildPhase;
			buildActionMask = 2147483647;
			files = (
			);
			runOnlyForDeploymentPostprocessing = 0;
		};
		C80381892547B353008EEF6E /* Frameworks */ = {
			isa = PBXFrameworksBuildPhase;
			buildActionMask = 2147483647;
			files = (
			);
			runOnlyForDeploymentPostprocessing = 0;
		};
/* End PBXFrameworksBuildPhase section */

/* Begin PBXGroup section */
		19ABABE825487CB200F4939A /* Storyboard */ = {
			isa = PBXGroup;
			children = (
			);
			path = Storyboard;
			sourceTree = "<group>";
		};
		19ABABF125494DD700F4939A /* Extension */ = {
			isa = PBXGroup;
			children = (
				19ABABF225494DE900F4939A /* Extension.swift */,
			);
			path = Extension;
			sourceTree = "<group>";
		};
		19B3A1392551008C00754C2E /* Recovered References */ = {
			isa = PBXGroup;
			children = (
				C8F0F42F254DD6AB0050B6C0 /* AssigneeView.swift */,
				C8F0F425254DD6990050B6C0 /* IssueDetailViewController.swift */,
				C8F0F42E254DD6AB0050B6C0 /* BottomDetailView.swift */,
			);
			name = "Recovered References";
			sourceTree = "<group>";
		};
		19B3A15825516C3E00754C2E /* VO */ = {
			isa = PBXGroup;
			children = (
				C8F0F439254DD6B70050B6C0 /* Comment.swift */,
				C8F0F43B254DD6B70050B6C0 /* Milestone.swift */,
				C8F0F43C254DD6B70050B6C0 /* User.swift */,
				C854E8232548151800011D26 /* Issue.swift */,
				199109ED2551AA8C009B3C58 /* DetailIssue.swift */,
				C854E828254816C600011D26 /* Label.swift */,
			);
			path = VO;
			sourceTree = "<group>";
		};
		C80381622547B34F008EEF6E = {
			isa = PBXGroup;
			children = (
				C803816D2547B34F008EEF6E /* IssueTracker */,
				C80381842547B353008EEF6E /* IssueTrackerTests */,
				C803818F2547B353008EEF6E /* IssueTrackerUITests */,
				C803816C2547B34F008EEF6E /* Products */,
				19B3A1392551008C00754C2E /* Recovered References */,
			);
			sourceTree = "<group>";
		};
		C803816C2547B34F008EEF6E /* Products */ = {
			isa = PBXGroup;
			children = (
				C803816B2547B34F008EEF6E /* IssueTracker.app */,
				C80381812547B353008EEF6E /* IssueTrackerTests.xctest */,
				C803818C2547B353008EEF6E /* IssueTrackerUITests.xctest */,
			);
			name = Products;
			sourceTree = "<group>";
		};
		C803816D2547B34F008EEF6E /* IssueTracker */ = {
			isa = PBXGroup;
			children = (
				19ABABF125494DD700F4939A /* Extension */,
				C80381A62547BB73008EEF6E /* Controller */,
				C80381A52547BB6F008EEF6E /* View */,
				C80381A42547BB69008EEF6E /* Model */,
				19ABABE825487CB200F4939A /* Storyboard */,
				C803816E2547B34F008EEF6E /* AppDelegate.swift */,
				C80381702547B34F008EEF6E /* SceneDelegate.swift */,
				C8F0F447254DD6C30050B6C0 /* Main.storyboard */,
				C80381772547B352008EEF6E /* Assets.xcassets */,
				C8F0F450254DD6DB0050B6C0 /* LaunchScreen.storyboard */,
				C803817C2547B352008EEF6E /* Info.plist */,
			);
			path = IssueTracker;
			sourceTree = "<group>";
		};
		C80381842547B353008EEF6E /* IssueTrackerTests */ = {
			isa = PBXGroup;
			children = (
				C80381852547B353008EEF6E /* IssueTrackerTests.swift */,
				C80381872547B353008EEF6E /* Info.plist */,
			);
			path = IssueTrackerTests;
			sourceTree = "<group>";
		};
		C803818F2547B353008EEF6E /* IssueTrackerUITests */ = {
			isa = PBXGroup;
			children = (
				C80381902547B353008EEF6E /* IssueTrackerUITests.swift */,
				C80381922547B353008EEF6E /* Info.plist */,
			);
			path = IssueTrackerUITests;
			sourceTree = "<group>";
		};
		C80381A42547BB69008EEF6E /* Model */ = {
			isa = PBXGroup;
			children = (
				19B3A15825516C3E00754C2E /* VO */,
				19B3A14725514A1000754C2E /* HTTPServiceHelper.swift */,
				199109F52552756A009B3C58 /* HTTPData.swift */,
				199109FD2552C596009B3C58 /* IssueListDataProvider.swift */,
				19910A022552D0C0009B3C58 /* DetailIssueDataProvider.swift */,
				19910A1B2553EE68009B3C58 /* LabelListDataProvider.swift */,
			);
			path = Model;
			sourceTree = "<group>";
		};
		C80381A52547BB6F008EEF6E /* View */ = {
			isa = PBXGroup;
			children = (
				19934484254FD48B000D0D5E /* IssueListCollectionViewCell.swift */,
				19934485254FD48B000D0D5E /* IssueListCollectionViewCell.xib */,
				C80381B72547D4A3008EEF6E /* LabelView.swift */,
				C854E83B25481FF700011D26 /* LabelsStackView.swift */,
				19ABABF72549511D00F4939A /* IssueDetailCollectionViewHeader.swift */,
				19ABABFC254953A600F4939A /* IssueStateView.swift */,
				19ABAC18254968B700F4939A /* IssueDetailCollectionViewCell.swift */,
				1996E4F7254ABAA20052E659 /* BottomDetailView.swift */,
				1996E504254ABB9B0052E659 /* AssigneeView.swift */,
				1996E4FC254ABB530052E659 /* AssigneeStackView.swift */,
				19910A072553D43F009B3C58 /* LabelCollectionViewCell.swift */,
				19910A082553D43F009B3C58 /* LabelCollectionViewCell.xib */,
			);
			path = View;
			sourceTree = "<group>";
		};
		C80381A62547BB73008EEF6E /* Controller */ = {
			isa = PBXGroup;
			children = (
				C80381722547B34F008EEF6E /* IssueListViewController.swift */,
				C8FA4B02254F9E8700630263 /* FilterSelectViewController.swift */,
				C8FA4B07254F9F6D00630263 /* FilterSelectTableViewController.swift */,
				19ABABEC25493F6C00F4939A /* IssueDetailViewController.swift */,
				1993449B254FF626000D0D5E /* IssueListEditViewController.swift */,
				199344A0254FF743000D0D5E /* IssueListCollectionViewDataSource.swift */,
				19910A162553DB43009B3C58 /* LabelViewController.swift */,
			);
			path = Controller;
			sourceTree = "<group>";
		};
/* End PBXGroup section */

/* Begin PBXNativeTarget section */
		C803816A2547B34F008EEF6E /* IssueTracker */ = {
			isa = PBXNativeTarget;
			buildConfigurationList = C80381952547B353008EEF6E /* Build configuration list for PBXNativeTarget "IssueTracker" */;
			buildPhases = (
				C80381672547B34F008EEF6E /* Sources */,
				C80381682547B34F008EEF6E /* Frameworks */,
				C80381692547B34F008EEF6E /* Resources */,
			);
			buildRules = (
			);
			dependencies = (
			);
			name = IssueTracker;
			packageProductDependencies = (
				19B3A141255122FB00754C2E /* Alamofire */,
			);
			productName = IssueTracker;
			productReference = C803816B2547B34F008EEF6E /* IssueTracker.app */;
			productType = "com.apple.product-type.application";
		};
		C80381802547B353008EEF6E /* IssueTrackerTests */ = {
			isa = PBXNativeTarget;
			buildConfigurationList = C80381982547B353008EEF6E /* Build configuration list for PBXNativeTarget "IssueTrackerTests" */;
			buildPhases = (
				C803817D2547B353008EEF6E /* Sources */,
				C803817E2547B353008EEF6E /* Frameworks */,
				C803817F2547B353008EEF6E /* Resources */,
			);
			buildRules = (
			);
			dependencies = (
				C80381832547B353008EEF6E /* PBXTargetDependency */,
			);
			name = IssueTrackerTests;
			productName = IssueTrackerTests;
			productReference = C80381812547B353008EEF6E /* IssueTrackerTests.xctest */;
			productType = "com.apple.product-type.bundle.unit-test";
		};
		C803818B2547B353008EEF6E /* IssueTrackerUITests */ = {
			isa = PBXNativeTarget;
			buildConfigurationList = C803819B2547B353008EEF6E /* Build configuration list for PBXNativeTarget "IssueTrackerUITests" */;
			buildPhases = (
				C80381882547B353008EEF6E /* Sources */,
				C80381892547B353008EEF6E /* Frameworks */,
				C803818A2547B353008EEF6E /* Resources */,
			);
			buildRules = (
			);
			dependencies = (
				C803818E2547B353008EEF6E /* PBXTargetDependency */,
			);
			name = IssueTrackerUITests;
			productName = IssueTrackerUITests;
			productReference = C803818C2547B353008EEF6E /* IssueTrackerUITests.xctest */;
			productType = "com.apple.product-type.bundle.ui-testing";
		};
/* End PBXNativeTarget section */

/* Begin PBXProject section */
		C80381632547B34F008EEF6E /* Project object */ = {
			isa = PBXProject;
			attributes = {
				LastSwiftUpdateCheck = 1210;
				LastUpgradeCheck = 1210;
				TargetAttributes = {
					C803816A2547B34F008EEF6E = {
						CreatedOnToolsVersion = 12.1;
					};
					C80381802547B353008EEF6E = {
						CreatedOnToolsVersion = 12.1;
						TestTargetID = C803816A2547B34F008EEF6E;
					};
					C803818B2547B353008EEF6E = {
						CreatedOnToolsVersion = 12.1;
						TestTargetID = C803816A2547B34F008EEF6E;
					};
				};
			};
			buildConfigurationList = C80381662547B34F008EEF6E /* Build configuration list for PBXProject "IssueTracker" */;
			compatibilityVersion = "Xcode 9.3";
			developmentRegion = en;
			hasScannedForEncodings = 0;
			knownRegions = (
				en,
				Base,
			);
			mainGroup = C80381622547B34F008EEF6E;
			packageReferences = (
				19B3A140255122FB00754C2E /* XCRemoteSwiftPackageReference "Alamofire" */,
			);
			productRefGroup = C803816C2547B34F008EEF6E /* Products */;
			projectDirPath = "";
			projectRoot = "";
			targets = (
				C803816A2547B34F008EEF6E /* IssueTracker */,
				C80381802547B353008EEF6E /* IssueTrackerTests */,
				C803818B2547B353008EEF6E /* IssueTrackerUITests */,
			);
		};
/* End PBXProject section */

/* Begin PBXResourcesBuildPhase section */
		C80381692547B34F008EEF6E /* Resources */ = {
			isa = PBXResourcesBuildPhase;
			buildActionMask = 2147483647;
			files = (
				C8F0F449254DD6C30050B6C0 /* Main.storyboard in Resources */,
				19934487254FD48B000D0D5E /* IssueListCollectionViewCell.xib in Resources */,
				C80381782547B352008EEF6E /* Assets.xcassets in Resources */,
				19910A0A2553D43F009B3C58 /* LabelCollectionViewCell.xib in Resources */,
			);
			runOnlyForDeploymentPostprocessing = 0;
		};
		C803817F2547B353008EEF6E /* Resources */ = {
			isa = PBXResourcesBuildPhase;
			buildActionMask = 2147483647;
			files = (
			);
			runOnlyForDeploymentPostprocessing = 0;
		};
		C803818A2547B353008EEF6E /* Resources */ = {
			isa = PBXResourcesBuildPhase;
			buildActionMask = 2147483647;
			files = (
			);
			runOnlyForDeploymentPostprocessing = 0;
		};
/* End PBXResourcesBuildPhase section */

/* Begin PBXSourcesBuildPhase section */
		C80381672547B34F008EEF6E /* Sources */ = {
			isa = PBXSourcesBuildPhase;
			buildActionMask = 2147483647;
			files = (
				19ABABF82549511D00F4939A /* IssueDetailCollectionViewHeader.swift in Sources */,
				1993449C254FF627000D0D5E /* IssueListEditViewController.swift in Sources */,
				C80381732547B34F008EEF6E /* IssueListViewController.swift in Sources */,
				C8FA4B08254F9F6D00630263 /* FilterSelectTableViewController.swift in Sources */,
				19B3A15925516C4900754C2E /* Milestone.swift in Sources */,
				19B3A15D25516C4C00754C2E /* User.swift in Sources */,
				C854E83C25481FF700011D26 /* LabelsStackView.swift in Sources */,
				C8F0F43D254DD6B70050B6C0 /* Comment.swift in Sources */,
				C803816F2547B34F008EEF6E /* AppDelegate.swift in Sources */,
				199109FE2552C596009B3C58 /* IssueListDataProvider.swift in Sources */,
				19ABABF325494DE900F4939A /* Extension.swift in Sources */,
				19910A172553DB43009B3C58 /* LabelViewController.swift in Sources */,
				19910A1C2553EE68009B3C58 /* LabelListDataProvider.swift in Sources */,
				199344A1254FF743000D0D5E /* IssueListCollectionViewDataSource.swift in Sources */,
				19934486254FD48B000D0D5E /* IssueListCollectionViewCell.swift in Sources */,
				C80381B82547D4A3008EEF6E /* LabelView.swift in Sources */,
				19B3A14825514A1000754C2E /* HTTPServiceHelper.swift in Sources */,
				1996E505254ABB9B0052E659 /* AssigneeView.swift in Sources */,
				19ABABED25493F6D00F4939A /* IssueDetailViewController.swift in Sources */,
				19ABABFD254953A600F4939A /* IssueStateView.swift in Sources */,
				199109EE2551AA8C009B3C58 /* DetailIssue.swift in Sources */,
				1996E4F8254ABAA30052E659 /* BottomDetailView.swift in Sources */,
				19ABAC19254968B700F4939A /* IssueDetailCollectionViewCell.swift in Sources */,
				19910A032552D0C0009B3C58 /* DetailIssueDataProvider.swift in Sources */,
				C80381712547B34F008EEF6E /* SceneDelegate.swift in Sources */,
				C854E829254816C600011D26 /* Label.swift in Sources */,
				C854E8242548151800011D26 /* Issue.swift in Sources */,
				C8FA4B03254F9E8700630263 /* FilterSelectViewController.swift in Sources */,
				1996E4FD254ABB530052E659 /* AssigneeStackView.swift in Sources */,
				199109F62552756A009B3C58 /* HTTPData.swift in Sources */,
				19910A092553D43F009B3C58 /* LabelCollectionViewCell.swift in Sources */,
			);
			runOnlyForDeploymentPostprocessing = 0;
		};
		C803817D2547B353008EEF6E /* Sources */ = {
			isa = PBXSourcesBuildPhase;
			buildActionMask = 2147483647;
			files = (
				C80381862547B353008EEF6E /* IssueTrackerTests.swift in Sources */,
			);
			runOnlyForDeploymentPostprocessing = 0;
		};
		C80381882547B353008EEF6E /* Sources */ = {
			isa = PBXSourcesBuildPhase;
			buildActionMask = 2147483647;
			files = (
				C80381912547B353008EEF6E /* IssueTrackerUITests.swift in Sources */,
			);
			runOnlyForDeploymentPostprocessing = 0;
		};
/* End PBXSourcesBuildPhase section */

/* Begin PBXTargetDependency section */
		C80381832547B353008EEF6E /* PBXTargetDependency */ = {
			isa = PBXTargetDependency;
			target = C803816A2547B34F008EEF6E /* IssueTracker */;
			targetProxy = C80381822547B353008EEF6E /* PBXContainerItemProxy */;
		};
		C803818E2547B353008EEF6E /* PBXTargetDependency */ = {
			isa = PBXTargetDependency;
			target = C803816A2547B34F008EEF6E /* IssueTracker */;
			targetProxy = C803818D2547B353008EEF6E /* PBXContainerItemProxy */;
		};
/* End PBXTargetDependency section */

/* Begin PBXVariantGroup section */
		C8F0F447254DD6C30050B6C0 /* Main.storyboard */ = {
			isa = PBXVariantGroup;
			children = (
				C8F0F448254DD6C30050B6C0 /* Base */,
			);
			name = Main.storyboard;
			sourceTree = "<group>";
		};
		C8F0F450254DD6DB0050B6C0 /* LaunchScreen.storyboard */ = {
			isa = PBXVariantGroup;
			children = (
				C8F0F451254DD6DB0050B6C0 /* Base */,
			);
			name = LaunchScreen.storyboard;
			sourceTree = "<group>";
		};
/* End PBXVariantGroup section */

/* Begin XCBuildConfiguration section */
		C80381932547B353008EEF6E /* Debug */ = {
			isa = XCBuildConfiguration;
			buildSettings = {
				ALWAYS_SEARCH_USER_PATHS = NO;
				CLANG_ANALYZER_NONNULL = YES;
				CLANG_ANALYZER_NUMBER_OBJECT_CONVERSION = YES_AGGRESSIVE;
				CLANG_CXX_LANGUAGE_STANDARD = "gnu++14";
				CLANG_CXX_LIBRARY = "libc++";
				CLANG_ENABLE_MODULES = YES;
				CLANG_ENABLE_OBJC_ARC = YES;
				CLANG_ENABLE_OBJC_WEAK = YES;
				CLANG_WARN_BLOCK_CAPTURE_AUTORELEASING = YES;
				CLANG_WARN_BOOL_CONVERSION = YES;
				CLANG_WARN_COMMA = YES;
				CLANG_WARN_CONSTANT_CONVERSION = YES;
				CLANG_WARN_DEPRECATED_OBJC_IMPLEMENTATIONS = YES;
				CLANG_WARN_DIRECT_OBJC_ISA_USAGE = YES_ERROR;
				CLANG_WARN_DOCUMENTATION_COMMENTS = YES;
				CLANG_WARN_EMPTY_BODY = YES;
				CLANG_WARN_ENUM_CONVERSION = YES;
				CLANG_WARN_INFINITE_RECURSION = YES;
				CLANG_WARN_INT_CONVERSION = YES;
				CLANG_WARN_NON_LITERAL_NULL_CONVERSION = YES;
				CLANG_WARN_OBJC_IMPLICIT_RETAIN_SELF = YES;
				CLANG_WARN_OBJC_LITERAL_CONVERSION = YES;
				CLANG_WARN_OBJC_ROOT_CLASS = YES_ERROR;
				CLANG_WARN_QUOTED_INCLUDE_IN_FRAMEWORK_HEADER = YES;
				CLANG_WARN_RANGE_LOOP_ANALYSIS = YES;
				CLANG_WARN_STRICT_PROTOTYPES = YES;
				CLANG_WARN_SUSPICIOUS_MOVE = YES;
				CLANG_WARN_UNGUARDED_AVAILABILITY = YES_AGGRESSIVE;
				CLANG_WARN_UNREACHABLE_CODE = YES;
				CLANG_WARN__DUPLICATE_METHOD_MATCH = YES;
				COPY_PHASE_STRIP = NO;
				DEBUG_INFORMATION_FORMAT = dwarf;
				ENABLE_STRICT_OBJC_MSGSEND = YES;
				ENABLE_TESTABILITY = YES;
				GCC_C_LANGUAGE_STANDARD = gnu11;
				GCC_DYNAMIC_NO_PIC = NO;
				GCC_NO_COMMON_BLOCKS = YES;
				GCC_OPTIMIZATION_LEVEL = 0;
				GCC_PREPROCESSOR_DEFINITIONS = (
					"DEBUG=1",
					"$(inherited)",
				);
				GCC_WARN_64_TO_32_BIT_CONVERSION = YES;
				GCC_WARN_ABOUT_RETURN_TYPE = YES_ERROR;
				GCC_WARN_UNDECLARED_SELECTOR = YES;
				GCC_WARN_UNINITIALIZED_AUTOS = YES_AGGRESSIVE;
				GCC_WARN_UNUSED_FUNCTION = YES;
				GCC_WARN_UNUSED_VARIABLE = YES;
				IPHONEOS_DEPLOYMENT_TARGET = 14.1;
				MTL_ENABLE_DEBUG_INFO = INCLUDE_SOURCE;
				MTL_FAST_MATH = YES;
				ONLY_ACTIVE_ARCH = YES;
				SDKROOT = iphoneos;
				SWIFT_ACTIVE_COMPILATION_CONDITIONS = DEBUG;
				SWIFT_OPTIMIZATION_LEVEL = "-Onone";
			};
			name = Debug;
		};
		C80381942547B353008EEF6E /* Release */ = {
			isa = XCBuildConfiguration;
			buildSettings = {
				ALWAYS_SEARCH_USER_PATHS = NO;
				CLANG_ANALYZER_NONNULL = YES;
				CLANG_ANALYZER_NUMBER_OBJECT_CONVERSION = YES_AGGRESSIVE;
				CLANG_CXX_LANGUAGE_STANDARD = "gnu++14";
				CLANG_CXX_LIBRARY = "libc++";
				CLANG_ENABLE_MODULES = YES;
				CLANG_ENABLE_OBJC_ARC = YES;
				CLANG_ENABLE_OBJC_WEAK = YES;
				CLANG_WARN_BLOCK_CAPTURE_AUTORELEASING = YES;
				CLANG_WARN_BOOL_CONVERSION = YES;
				CLANG_WARN_COMMA = YES;
				CLANG_WARN_CONSTANT_CONVERSION = YES;
				CLANG_WARN_DEPRECATED_OBJC_IMPLEMENTATIONS = YES;
				CLANG_WARN_DIRECT_OBJC_ISA_USAGE = YES_ERROR;
				CLANG_WARN_DOCUMENTATION_COMMENTS = YES;
				CLANG_WARN_EMPTY_BODY = YES;
				CLANG_WARN_ENUM_CONVERSION = YES;
				CLANG_WARN_INFINITE_RECURSION = YES;
				CLANG_WARN_INT_CONVERSION = YES;
				CLANG_WARN_NON_LITERAL_NULL_CONVERSION = YES;
				CLANG_WARN_OBJC_IMPLICIT_RETAIN_SELF = YES;
				CLANG_WARN_OBJC_LITERAL_CONVERSION = YES;
				CLANG_WARN_OBJC_ROOT_CLASS = YES_ERROR;
				CLANG_WARN_QUOTED_INCLUDE_IN_FRAMEWORK_HEADER = YES;
				CLANG_WARN_RANGE_LOOP_ANALYSIS = YES;
				CLANG_WARN_STRICT_PROTOTYPES = YES;
				CLANG_WARN_SUSPICIOUS_MOVE = YES;
				CLANG_WARN_UNGUARDED_AVAILABILITY = YES_AGGRESSIVE;
				CLANG_WARN_UNREACHABLE_CODE = YES;
				CLANG_WARN__DUPLICATE_METHOD_MATCH = YES;
				COPY_PHASE_STRIP = NO;
				DEBUG_INFORMATION_FORMAT = "dwarf-with-dsym";
				ENABLE_NS_ASSERTIONS = NO;
				ENABLE_STRICT_OBJC_MSGSEND = YES;
				GCC_C_LANGUAGE_STANDARD = gnu11;
				GCC_NO_COMMON_BLOCKS = YES;
				GCC_WARN_64_TO_32_BIT_CONVERSION = YES;
				GCC_WARN_ABOUT_RETURN_TYPE = YES_ERROR;
				GCC_WARN_UNDECLARED_SELECTOR = YES;
				GCC_WARN_UNINITIALIZED_AUTOS = YES_AGGRESSIVE;
				GCC_WARN_UNUSED_FUNCTION = YES;
				GCC_WARN_UNUSED_VARIABLE = YES;
				IPHONEOS_DEPLOYMENT_TARGET = 14.1;
				MTL_ENABLE_DEBUG_INFO = NO;
				MTL_FAST_MATH = YES;
				SDKROOT = iphoneos;
				SWIFT_COMPILATION_MODE = wholemodule;
				SWIFT_OPTIMIZATION_LEVEL = "-O";
				VALIDATE_PRODUCT = YES;
			};
			name = Release;
		};
		C80381962547B353008EEF6E /* Debug */ = {
			isa = XCBuildConfiguration;
			buildSettings = {
				ASSETCATALOG_COMPILER_APPICON_NAME = AppIcon;
				ASSETCATALOG_COMPILER_GLOBAL_ACCENT_COLOR_NAME = AccentColor;
				CODE_SIGN_STYLE = Automatic;
				DEVELOPMENT_TEAM = B3PWYBKFUK;
				INFOPLIST_FILE = IssueTracker/Info.plist;
				LD_RUNPATH_SEARCH_PATHS = (
					"$(inherited)",
					"@executable_path/Frameworks",
				);
				PRODUCT_BUNDLE_IDENTIFIER = taehee.myproject.IssueTracker;
				PRODUCT_NAME = "$(TARGET_NAME)";
				SWIFT_VERSION = 5.0;
				TARGETED_DEVICE_FAMILY = "1,2";
			};
			name = Debug;
		};
		C80381972547B353008EEF6E /* Release */ = {
			isa = XCBuildConfiguration;
			buildSettings = {
				ASSETCATALOG_COMPILER_APPICON_NAME = AppIcon;
				ASSETCATALOG_COMPILER_GLOBAL_ACCENT_COLOR_NAME = AccentColor;
				CODE_SIGN_STYLE = Automatic;
				DEVELOPMENT_TEAM = B3PWYBKFUK;
				INFOPLIST_FILE = IssueTracker/Info.plist;
				LD_RUNPATH_SEARCH_PATHS = (
					"$(inherited)",
					"@executable_path/Frameworks",
				);
				PRODUCT_BUNDLE_IDENTIFIER = taehee.myproject.IssueTracker;
				PRODUCT_NAME = "$(TARGET_NAME)";
				SWIFT_VERSION = 5.0;
				TARGETED_DEVICE_FAMILY = "1,2";
			};
			name = Release;
		};
		C80381992547B353008EEF6E /* Debug */ = {
			isa = XCBuildConfiguration;
			buildSettings = {
				ALWAYS_EMBED_SWIFT_STANDARD_LIBRARIES = YES;
				BUNDLE_LOADER = "$(TEST_HOST)";
				CODE_SIGN_STYLE = Automatic;
				DEVELOPMENT_TEAM = B3PWYBKFUK;
				INFOPLIST_FILE = IssueTrackerTests/Info.plist;
				IPHONEOS_DEPLOYMENT_TARGET = 14.1;
				LD_RUNPATH_SEARCH_PATHS = (
					"$(inherited)",
					"@executable_path/Frameworks",
					"@loader_path/Frameworks",
				);
				PRODUCT_BUNDLE_IDENTIFIER = taehee.myproject.IssueTrackerTests;
				PRODUCT_NAME = "$(TARGET_NAME)";
				SWIFT_VERSION = 5.0;
				TARGETED_DEVICE_FAMILY = "1,2";
				TEST_HOST = "$(BUILT_PRODUCTS_DIR)/IssueTracker.app/IssueTracker";
			};
			name = Debug;
		};
		C803819A2547B353008EEF6E /* Release */ = {
			isa = XCBuildConfiguration;
			buildSettings = {
				ALWAYS_EMBED_SWIFT_STANDARD_LIBRARIES = YES;
				BUNDLE_LOADER = "$(TEST_HOST)";
				CODE_SIGN_STYLE = Automatic;
				DEVELOPMENT_TEAM = B3PWYBKFUK;
				INFOPLIST_FILE = IssueTrackerTests/Info.plist;
				IPHONEOS_DEPLOYMENT_TARGET = 14.1;
				LD_RUNPATH_SEARCH_PATHS = (
					"$(inherited)",
					"@executable_path/Frameworks",
					"@loader_path/Frameworks",
				);
				PRODUCT_BUNDLE_IDENTIFIER = taehee.myproject.IssueTrackerTests;
				PRODUCT_NAME = "$(TARGET_NAME)";
				SWIFT_VERSION = 5.0;
				TARGETED_DEVICE_FAMILY = "1,2";
				TEST_HOST = "$(BUILT_PRODUCTS_DIR)/IssueTracker.app/IssueTracker";
			};
			name = Release;
		};
		C803819C2547B353008EEF6E /* Debug */ = {
			isa = XCBuildConfiguration;
			buildSettings = {
				ALWAYS_EMBED_SWIFT_STANDARD_LIBRARIES = YES;
				CODE_SIGN_STYLE = Automatic;
				DEVELOPMENT_TEAM = B3PWYBKFUK;
				INFOPLIST_FILE = IssueTrackerUITests/Info.plist;
				LD_RUNPATH_SEARCH_PATHS = (
					"$(inherited)",
					"@executable_path/Frameworks",
					"@loader_path/Frameworks",
				);
				PRODUCT_BUNDLE_IDENTIFIER = taehee.myproject.IssueTrackerUITests;
				PRODUCT_NAME = "$(TARGET_NAME)";
				SWIFT_VERSION = 5.0;
				TARGETED_DEVICE_FAMILY = "1,2";
				TEST_TARGET_NAME = IssueTracker;
			};
			name = Debug;
		};
		C803819D2547B353008EEF6E /* Release */ = {
			isa = XCBuildConfiguration;
			buildSettings = {
				ALWAYS_EMBED_SWIFT_STANDARD_LIBRARIES = YES;
				CODE_SIGN_STYLE = Automatic;
				DEVELOPMENT_TEAM = B3PWYBKFUK;
				INFOPLIST_FILE = IssueTrackerUITests/Info.plist;
				LD_RUNPATH_SEARCH_PATHS = (
					"$(inherited)",
					"@executable_path/Frameworks",
					"@loader_path/Frameworks",
				);
				PRODUCT_BUNDLE_IDENTIFIER = taehee.myproject.IssueTrackerUITests;
				PRODUCT_NAME = "$(TARGET_NAME)";
				SWIFT_VERSION = 5.0;
				TARGETED_DEVICE_FAMILY = "1,2";
				TEST_TARGET_NAME = IssueTracker;
			};
			name = Release;
		};
/* End XCBuildConfiguration section */

/* Begin XCConfigurationList section */
		C80381662547B34F008EEF6E /* Build configuration list for PBXProject "IssueTracker" */ = {
			isa = XCConfigurationList;
			buildConfigurations = (
				C80381932547B353008EEF6E /* Debug */,
				C80381942547B353008EEF6E /* Release */,
			);
			defaultConfigurationIsVisible = 0;
			defaultConfigurationName = Release;
		};
		C80381952547B353008EEF6E /* Build configuration list for PBXNativeTarget "IssueTracker" */ = {
			isa = XCConfigurationList;
			buildConfigurations = (
				C80381962547B353008EEF6E /* Debug */,
				C80381972547B353008EEF6E /* Release */,
			);
			defaultConfigurationIsVisible = 0;
			defaultConfigurationName = Release;
		};
		C80381982547B353008EEF6E /* Build configuration list for PBXNativeTarget "IssueTrackerTests" */ = {
			isa = XCConfigurationList;
			buildConfigurations = (
				C80381992547B353008EEF6E /* Debug */,
				C803819A2547B353008EEF6E /* Release */,
			);
			defaultConfigurationIsVisible = 0;
			defaultConfigurationName = Release;
		};
		C803819B2547B353008EEF6E /* Build configuration list for PBXNativeTarget "IssueTrackerUITests" */ = {
			isa = XCConfigurationList;
			buildConfigurations = (
				C803819C2547B353008EEF6E /* Debug */,
				C803819D2547B353008EEF6E /* Release */,
			);
			defaultConfigurationIsVisible = 0;
			defaultConfigurationName = Release;
		};
/* End XCConfigurationList section */

/* Begin XCRemoteSwiftPackageReference section */
		19B3A140255122FB00754C2E /* XCRemoteSwiftPackageReference "Alamofire" */ = {
			isa = XCRemoteSwiftPackageReference;
			repositoryURL = "https://github.com/Alamofire/Alamofire.git";
			requirement = {
				kind = upToNextMajorVersion;
				minimumVersion = 5.3.0;
			};
		};
/* End XCRemoteSwiftPackageReference section */

/* Begin XCSwiftPackageProductDependency section */
		19B3A141255122FB00754C2E /* Alamofire */ = {
			isa = XCSwiftPackageProductDependency;
			package = 19B3A140255122FB00754C2E /* XCRemoteSwiftPackageReference "Alamofire" */;
			productName = Alamofire;
		};
/* End XCSwiftPackageProductDependency section */
	};
	rootObject = C80381632547B34F008EEF6E /* Project object */;
}
